// !$*UTF8*$!
{
	archiveVersion = 1;
	classes = {
	};
	objectVersion = 55;
	objects = {

/* Begin PBXBuildFile section */
		00B61BAAF24B7C76CCA33882 /* glass.caf in Resources */ = {isa = PBXBuildFile; fileRef = 486704CB61D5B7F173796986 /* glass.caf */; };
		0531E5FA1314732FB4153965 /* NavigationTab.swift in Sources */ = {isa = PBXBuildFile; fileRef = FE94715E97525D19D2CDC901 /* NavigationTab.swift */; };
		070DC31BAAF31E4CA38776FE /* AddAccountsView.swift in Sources */ = {isa = PBXBuildFile; fileRef = 84EA90130D2855FF3FA8A0C3 /* AddAccountsView.swift */; };
		0C98A70353D620EF67DE5F19 /* IconSelectorView.swift in Sources */ = {isa = PBXBuildFile; fileRef = 6DBD3E8B60FE2ECC5ACB480B /* IconSelectorView.swift */; };
		0ED9D4699C4B83AF69002A3F /* RevenueCat_RevenueCat.bundle in Resources */ = {isa = PBXBuildFile; fileRef = AD1AA889DBFDC81D32FDC7F2 /* RevenueCat_RevenueCat.bundle */; };
		0F0CC0453365A6D41283E3CF /* AddRemoteTimelineView.swift in Sources */ = {isa = PBXBuildFile; fileRef = D917EF94CF8278BAEE195DDA /* AddRemoteTimelineView.swift */; };
		1314F4BEEA58776A2476A633 /* AppView.swift in Sources */ = {isa = PBXBuildFile; fileRef = 9A0193E128E72446C99215BB /* AppView.swift */; };
		14648306E1D05A90F6A52C0F /* Account.framework in Frameworks */ = {isa = PBXBuildFile; fileRef = FC6133284CEA1CA660DCBF0D /* Account.framework */; };
		1758F75BAF72023B98E10A56 /* SwiftSoup_SwiftSoup.bundle in Dependencies */ = {isa = PBXBuildFile; fileRef = FB3745D3CC049102531292D5 /* SwiftSoup_SwiftSoup.bundle */; };
		18FC4E7FB93FC318B8C8DAAC /* EditTagGroupView.swift in Sources */ = {isa = PBXBuildFile; fileRef = D9B5B25AB093A2093D554EFA /* EditTagGroupView.swift */; };
		1D852AC73A1AC5CBCAB90E91 /* Assets.xcassets in Resources */ = {isa = PBXBuildFile; fileRef = D2E39C815BFE08A383944015 /* Assets.xcassets */; };
		1FD25E19DC3E1A9DF9EB2F43 /* RemoteTimelinesSettingView.swift in Sources */ = {isa = PBXBuildFile; fileRef = FA7F9636F4395E8F512CED35 /* RemoteTimelinesSettingView.swift */; };
		214311924041E02412C5E231 /* ToolbarTab.swift in Sources */ = {isa = PBXBuildFile; fileRef = 0FC1A228B42C1A4FBF53F6BA /* ToolbarTab.swift */; };
		22B6B825479789A22E73DD96 /* NotificationTab.swift in Sources */ = {isa = PBXBuildFile; fileRef = 72FDB1492A5DD4253C410B3D /* NotificationTab.swift */; };
		2432C95103F15E5917E3A2A0 /* InstanceInfoView.swift in Sources */ = {isa = PBXBuildFile; fileRef = DEBC568CEFF6EEA37516BA5C /* InstanceInfoView.swift */; };
		2562C5B90B87B8A3B4F2BA24 /* ExploreTab.swift in Sources */ = {isa = PBXBuildFile; fileRef = C851D8913F7925D7DC092E1F /* ExploreTab.swift */; };
		2679C454A983E5249C01A1F5 /* RevenueCat.framework in Frameworks */ = {isa = PBXBuildFile; fileRef = 3122A675DC295F448613DF41 /* RevenueCat.framework */; };
		28116A47C6DA363BAE2A29D2 /* Lists.framework in Frameworks */ = {isa = PBXBuildFile; fileRef = 5CA030CDEA1E250BE2A269EC /* Lists.framework */; };
		28DE968D74A472B0AB9525C9 /* IceCubesApp+Menu.swift in Sources */ = {isa = PBXBuildFile; fileRef = 4A23BAA6E3AD97150F360169 /* IceCubesApp+Menu.swift */; };
		2944CE1E975C03356E2BBF45 /* SwiftSoup_SwiftSoup.bundle in Resources */ = {isa = PBXBuildFile; fileRef = FB3745D3CC049102531292D5 /* SwiftSoup_SwiftSoup.bundle */; };
		2AA985A8DBC5F4DF5165E04B /* SQLite.framework in Frameworks */ = {isa = PBXBuildFile; fileRef = 9A279C605265CB98C7D92739 /* SQLite.framework */; };
		346E9BB83778A6AA982B6B4B /* Preview Assets.xcassets in Resources */ = {isa = PBXBuildFile; fileRef = 78414979EB27CEEE71F8B9AA /* Preview Assets.xcassets */; };
		370C5363E4AF47473CD4AA7E /* TimelineTab.swift in Sources */ = {isa = PBXBuildFile; fileRef = 931C06FAFC1C060564883066 /* TimelineTab.swift */; };
		373D92CE2EEB0AC8CFBFC6C6 /* TuistBundle+IceCubesApp.swift in Sources */ = {isa = PBXBuildFile; fileRef = 3629F25C6C48CE1BE050E9D6 /* TuistBundle+IceCubesApp.swift */; };
		38166E8A35DB5F3BA96A6D7E /* Atkinson-Hyperlegible-Regular-102.ttf in Resources */ = {isa = PBXBuildFile; fileRef = 5FE7402E962CBE163CB9BF87 /* Atkinson-Hyperlegible-Regular-102.ttf */; };
		44186B1D06436ABF05ED8163 /* IceCubesApp.swift in Sources */ = {isa = PBXBuildFile; fileRef = 7C74F6D3B4F8E13077614EF2 /* IceCubesApp.swift */; };
		44F153D804186F1438A583B1 /* AboutView.swift in Sources */ = {isa = PBXBuildFile; fileRef = B149CA2567E7F2D67B0F14A2 /* AboutView.swift */; };
		49E6F0D969873658EF1260CA /* AppRegistry.swift in Sources */ = {isa = PBXBuildFile; fileRef = 319B5355A7B3703FF80BCCBF /* AppRegistry.swift */; };
		50DD0876B032DF577C0C6EED /* pull.wav in Resources */ = {isa = PBXBuildFile; fileRef = 733A9FB6F3A10FA6D2B725A5 /* pull.wav */; };
		538177968700746FC6E45586 /* Models.framework in Frameworks */ = {isa = PBXBuildFile; fileRef = C28AF0EA77E4A64A37E757F3 /* Models.framework */; };
		57945D2A2AFAA725C28180EF /* SwiftSoup.framework in Frameworks */ = {isa = PBXBuildFile; fileRef = A8EC7BF3C46F192713282869 /* SwiftSoup.framework */; };
		58FF9864B0FBD82778BF7896 /* Bodega.framework in Frameworks */ = {isa = PBXBuildFile; fileRef = 67A660FBE6496A07950752C4 /* Bodega.framework */; };
		5C39FE6B1FCB6E1CB9BD5AB7 /* SidebarEntriesSettingsView.swift in Sources */ = {isa = PBXBuildFile; fileRef = 564E804BD1AA5CA73F3320A8 /* SidebarEntriesSettingsView.swift */; };
		5F0B00B02B3E6B8B05FC44C6 /* refresh.wav in Resources */ = {isa = PBXBuildFile; fileRef = 5DDF15D836BAC4EBE7B96C07 /* refresh.wav */; };
		5F45E3AA2EAAAD930B309660 /* Nuke.framework in Frameworks */ = {isa = PBXBuildFile; fileRef = 66AD8CF16365C23CA7E145CE /* Nuke.framework */; };
		5F8C18C985748EB24C5CA006 /* boost.wav in Resources */ = {isa = PBXBuildFile; fileRef = 7028FA985E04A62E86A872BC /* boost.wav */; };
		5FD133FD232EF6CCAF9888DE /* SafariRouter.swift in Sources */ = {isa = PBXBuildFile; fileRef = F94EF0BC4EB45D7B5F7D0AA1 /* SafariRouter.swift */; };
		6189437DD13649BB1CA1F874 /* RecenTagsSettingView.swift in Sources */ = {isa = PBXBuildFile; fileRef = 8751955833413D138FA91E90 /* RecenTagsSettingView.swift */; };
		66BB6B2829C824382B8FADCE /* Timeline.framework in Frameworks */ = {isa = PBXBuildFile; fileRef = 35E6C344536002E85CD20D62 /* Timeline.framework */; };
		6817EC7235E04ECFD1010D17 /* NavigationSheet.swift in Sources */ = {isa = PBXBuildFile; fileRef = 8E0A7B1A89F82AB6E0C16F82 /* NavigationSheet.swift */; };
		6A38572BBC3032BF3162115A /* MediaUI.framework in Frameworks */ = {isa = PBXBuildFile; fileRef = 13B0AE1980B35A95F2A10FB9 /* MediaUI.framework */; };
		6EF8E6320A1097BB8721E301 /* ContentSettingsView.swift in Sources */ = {isa = PBXBuildFile; fileRef = E75F38DE5023B148E1015BB4 /* ContentSettingsView.swift */; };
		710263F9904805417B7CDA20 /* cmark_gfm.framework in Frameworks */ = {isa = PBXBuildFile; fileRef = 0F5B0E870EB9C8C4135A1C98 /* cmark_gfm.framework */; };
		714C226036CAA7D6B694B365 /* bookmark.wav in Resources */ = {isa = PBXBuildFile; fileRef = 6470EEFF3662788B692883D3 /* bookmark.wav */; };
		7421B50BC420E509E0ADB37E /* TuistAssets+IceCubesApp.swift in Sources */ = {isa = PBXBuildFile; fileRef = 82E99D7E6B15EA5C6B364580 /* TuistAssets+IceCubesApp.swift */; };
		75631A3561EED472857E8816 /* SFSafeSymbols.framework in Frameworks */ = {isa = PBXBuildFile; fileRef = 947DC6E8CC74F93714A4840F /* SFSafeSymbols.framework */; };
		78628AD3B51F75427D17E00D /* Explore.framework in Frameworks */ = {isa = PBXBuildFile; fileRef = 45E59AD5B39CA121A2F836E7 /* Explore.framework */; };
		79A77EB051BA742F640B0EC5 /* TuistFonts+IceCubesApp.swift in Sources */ = {isa = PBXBuildFile; fileRef = F926F226E1862E13BBB9C461 /* TuistFonts+IceCubesApp.swift */; };
		79DED10FEED981DA9CCA876F /* OpenDyslexic-Regular.otf in Resources */ = {isa = PBXBuildFile; fileRef = E48D30BC2CE852B1A34665F5 /* OpenDyslexic-Regular.otf */; };
		7AAE6424FF87185A0EEBA95A /* SwipeActionsSettingsView.swift in Sources */ = {isa = PBXBuildFile; fileRef = 1476FBD48666C63DFF9B07F8 /* SwipeActionsSettingsView.swift */; };
		8341FED0F037DC5338A6E624 /* IceCubesApp+Scene.swift in Sources */ = {isa = PBXBuildFile; fileRef = 88098E27B029C6E37BDD6295 /* IceCubesApp+Scene.swift */; };
		8670C5F3348A3934C4C494E8 /* Env.framework in Frameworks */ = {isa = PBXBuildFile; fileRef = 922D039BBB866F73EC709C7A /* Env.framework */; };
		86F6627D1DF683C4AD85D331 /* MessagesTab.swift in Sources */ = {isa = PBXBuildFile; fileRef = ED63E184E72928E611FC5DB9 /* MessagesTab.swift */; };
		8D1828BDAB4F64D75BD59C26 /* DesignSystem_DesignSystem.bundle in Dependencies */ = {isa = PBXBuildFile; fileRef = 6CCF8956FA21A95849B5775F /* DesignSystem_DesignSystem.bundle */; };
		8EF3C315BABB56C6F442A733 /* KeychainSwift.framework in Frameworks */ = {isa = PBXBuildFile; fileRef = DC1D802BA5CADA3C72CE8674 /* KeychainSwift.framework */; };
		948235C52B5B172F64271771 /* Tabs.swift in Sources */ = {isa = PBXBuildFile; fileRef = 25C39663E800677BDE8C8A80 /* Tabs.swift */; };
		9A98A9BDBC5A97629F08E358 /* cmark_gfm_extensions.framework in Frameworks */ = {isa = PBXBuildFile; fileRef = 904E3633CEA4E06038E3881B /* cmark_gfm_extensions.framework */; };
		9AF2BF94B394F50D965AE6DF /* TranslationSettingsView.swift in Sources */ = {isa = PBXBuildFile; fileRef = B93C9569DC1A1E5C2A7A89EA /* TranslationSettingsView.swift */; };
		9E5C16266E5EB2E611CA7D73 /* SwiftUIIntrospect.framework in Frameworks */ = {isa = PBXBuildFile; fileRef = A04B1A79A318B58A3D421737 /* SwiftUIIntrospect.framework */; };
		A87911E3EF2E63FC04E009FB /* Network.framework in Frameworks */ = {isa = PBXBuildFile; fileRef = 5AB1FA389BECEEF2B8F5AC26 /* Network.framework */; };
		AD610250DD9249A9C4D6A839 /* NukeUI.framework in Frameworks */ = {isa = PBXBuildFile; fileRef = 84A7AAFA84571A95EEC43710 /* NukeUI.framework */; };
		B4FDAAA01B39FB4C5D0FB352 /* share.wav in Resources */ = {isa = PBXBuildFile; fileRef = 9881C0932A4136257756CF51 /* share.wav */; };
		B5296D784E1D25657DAD3A9C /* DisplaySettingsView.swift in Sources */ = {isa = PBXBuildFile; fileRef = FD608FA09D557B2D99D91743 /* DisplaySettingsView.swift */; };
		BA1F170501ACE5F278A2CA00 /* ReportView.swift in Sources */ = {isa = PBXBuildFile; fileRef = 37CDC45A9E8800C5FB33B0C8 /* ReportView.swift */; };
		BC355CD7612F4BB5689DC361 /* AppAccount.framework in Frameworks */ = {isa = PBXBuildFile; fileRef = F89D3E31E6DD5045E1310114 /* AppAccount.framework */; };
		BCD47A0110CF9A8CA0E9AA39 /* tootSent.wav in Resources */ = {isa = PBXBuildFile; fileRef = A05D5434D6524243429DE177 /* tootSent.wav */; };
		C0531F95EE516027AAA57D66 /* ProfileTab.swift in Sources */ = {isa = PBXBuildFile; fileRef = C04AC5F5D01ED96098AE576C /* ProfileTab.swift */; };
		C2F43B5D916D6E3C4A969B6E /* glass.wav in Resources */ = {isa = PBXBuildFile; fileRef = 246A9BD6F18E0D7BAC42C0A2 /* glass.wav */; };
		C590AF08E416AD926FAF1BD7 /* tabSelection.wav in Resources */ = {isa = PBXBuildFile; fileRef = FCD752A152AA99AF25BF23D3 /* tabSelection.wav */; };
		C8C1217424722867604064C1 /* ButtonKit.framework in Frameworks */ = {isa = PBXBuildFile; fileRef = CCE7BD06FC1994B46AE5E3F1 /* ButtonKit.framework */; };
		C912588058F6F839AD44D981 /* Conversations.framework in Frameworks */ = {isa = PBXBuildFile; fileRef = A8BBD45F46FDED25896748F9 /* Conversations.framework */; };
		C96EB5ED4552916DCA016255 /* PushNotificationsView.swift in Sources */ = {isa = PBXBuildFile; fileRef = 1165478682C30B45973DDCB2 /* PushNotificationsView.swift */; };
		CF6AB9DB14F27E71056D9ACA /* Markdown.framework in Frameworks */ = {isa = PBXBuildFile; fileRef = 9F016A8CA05091FB7C8E0144 /* Markdown.framework */; };
		CFE4447228FBC02642B96378 /* Notifications.framework in Frameworks */ = {isa = PBXBuildFile; fileRef = 27FFBC4DB5D640CED249E9F9 /* Notifications.framework */; };
		D5E32A642050FB7F0189C6FB /* SettingsTab.swift in Sources */ = {isa = PBXBuildFile; fileRef = BBBFAEF9F313C2CF0559B07B /* SettingsTab.swift */; };
		D8E3CDC39B4959BD0984F7AC /* LRUCache.framework in Frameworks */ = {isa = PBXBuildFile; fileRef = A2B7A284E3C5DD4F7EAC7082 /* LRUCache.framework */; };
		D8F34CB31D64382521B0C7F7 /* HapticSettingsView.swift in Sources */ = {isa = PBXBuildFile; fileRef = CED6F8169E8802E9F14EFCC6 /* HapticSettingsView.swift */; };
		DAFDD5929C7A0A2DEFEF8571 /* TagsGroupSettingView.swift in Sources */ = {isa = PBXBuildFile; fileRef = E9CC5AAC333E5F68E8513595 /* TagsGroupSettingView.swift */; };
		DDC44612B3650E4E1C6F430E /* CAtomic.framework in Frameworks */ = {isa = PBXBuildFile; fileRef = 324A266635538728A3099AB4 /* CAtomic.framework */; };
		E38C2A8EE703709373E9BBC6 /* EmojiText.framework in Frameworks */ = {isa = PBXBuildFile; fileRef = 9683D1591B531EA7883A19ED /* EmojiText.framework */; };
		E772A0518B0AA59335DC3AB9 /* SupportAppView.swift in Sources */ = {isa = PBXBuildFile; fileRef = 9A5D4A1D6A65A5A4576813A7 /* SupportAppView.swift */; };
		E7BF69691800FECD1715BB81 /* SideBarView.swift in Sources */ = {isa = PBXBuildFile; fileRef = 4C5A1F0D02AF5F4D723E49AE /* SideBarView.swift */; };
		E803177D8E7E585E042DDE63 /* TabbarEntriesSettingsView.swift in Sources */ = {isa = PBXBuildFile; fileRef = 0ED7C76F1A2FD6727275F7A3 /* TabbarEntriesSettingsView.swift */; };
		EAD5627A251864ACB3D19E5B /* RevenueCat_RevenueCat.bundle in Dependencies */ = {isa = PBXBuildFile; fileRef = AD1AA889DBFDC81D32FDC7F2 /* RevenueCat_RevenueCat.bundle */; };
		EF468144CC502743E2900D28 /* DesignSystem_DesignSystem.bundle in Resources */ = {isa = PBXBuildFile; fileRef = 6CCF8956FA21A95849B5775F /* DesignSystem_DesignSystem.bundle */; };
		F1550DC03C89E54D12DF8AE4 /* AccountSettingView.swift in Sources */ = {isa = PBXBuildFile; fileRef = 21D3E86854A52F84D2ABA50E /* AccountSettingView.swift */; };
		F2645EDFC36FF4CEEB500086 /* DesignSystem.framework in Frameworks */ = {isa = PBXBuildFile; fileRef = F25D4CF374B7040B6A084B1B /* DesignSystem.framework */; };
		FB44A780EBE8D0EED573959E /* StatusKit.framework in Frameworks */ = {isa = PBXBuildFile; fileRef = 9A268E0CF08123CBCE1303A9 /* StatusKit.framework */; };
		FF730A94DBF774315578D8CE /* favorite.wav in Resources */ = {isa = PBXBuildFile; fileRef = 5602922659F3FDB616ED92C8 /* favorite.wav */; };
/* End PBXBuildFile section */

/* Begin PBXCopyFilesBuildPhase section */
		235EA327880E43CE55508878 /* Embed Frameworks */ = {
			isa = PBXCopyFilesBuildPhase;
			buildActionMask = 2147483647;
			dstPath = "";
			dstSubfolderSpec = 10;
			files = (
			);
			name = "Embed Frameworks";
			runOnlyForDeploymentPostprocessing = 0;
		};
		C5110644DBB4DB28FE448C26 /* Dependencies */ = {
			isa = PBXCopyFilesBuildPhase;
			buildActionMask = 8;
			dstSubfolderSpec = 16;
			files = (
				8D1828BDAB4F64D75BD59C26 /* DesignSystem_DesignSystem.bundle in Dependencies */,
				EAD5627A251864ACB3D19E5B /* RevenueCat_RevenueCat.bundle in Dependencies */,
				1758F75BAF72023B98E10A56 /* SwiftSoup_SwiftSoup.bundle in Dependencies */,
			);
			name = Dependencies;
			runOnlyForDeploymentPostprocessing = 1;
		};
/* End PBXCopyFilesBuildPhase section */

/* Begin PBXFileReference section */
		0ED7C76F1A2FD6727275F7A3 /* TabbarEntriesSettingsView.swift */ = {isa = PBXFileReference; lastKnownFileType = sourcecode.swift; path = TabbarEntriesSettingsView.swift; sourceTree = "<group>"; };
		0F5B0E870EB9C8C4135A1C98 /* cmark_gfm.framework */ = {isa = PBXFileReference; explicitFileType = wrapper.framework; includeInIndex = 0; path = cmark_gfm.framework; sourceTree = BUILT_PRODUCTS_DIR; };
		0FC1A228B42C1A4FBF53F6BA /* ToolbarTab.swift */ = {isa = PBXFileReference; lastKnownFileType = sourcecode.swift; path = ToolbarTab.swift; sourceTree = "<group>"; };
		1165478682C30B45973DDCB2 /* PushNotificationsView.swift */ = {isa = PBXFileReference; lastKnownFileType = sourcecode.swift; path = PushNotificationsView.swift; sourceTree = "<group>"; };
		13B0AE1980B35A95F2A10FB9 /* MediaUI.framework */ = {isa = PBXFileReference; explicitFileType = wrapper.framework; includeInIndex = 0; path = MediaUI.framework; sourceTree = BUILT_PRODUCTS_DIR; };
		1476FBD48666C63DFF9B07F8 /* SwipeActionsSettingsView.swift */ = {isa = PBXFileReference; lastKnownFileType = sourcecode.swift; path = SwipeActionsSettingsView.swift; sourceTree = "<group>"; };
		21D3E86854A52F84D2ABA50E /* AccountSettingView.swift */ = {isa = PBXFileReference; lastKnownFileType = sourcecode.swift; path = AccountSettingView.swift; sourceTree = "<group>"; };
		246A9BD6F18E0D7BAC42C0A2 /* glass.wav */ = {isa = PBXFileReference; lastKnownFileType = audio.wav; path = glass.wav; sourceTree = "<group>"; };
		25C39663E800677BDE8C8A80 /* Tabs.swift */ = {isa = PBXFileReference; lastKnownFileType = sourcecode.swift; path = Tabs.swift; sourceTree = "<group>"; };
		27FFBC4DB5D640CED249E9F9 /* Notifications.framework */ = {isa = PBXFileReference; explicitFileType = wrapper.framework; includeInIndex = 0; path = Notifications.framework; sourceTree = BUILT_PRODUCTS_DIR; };
		3122A675DC295F448613DF41 /* RevenueCat.framework */ = {isa = PBXFileReference; explicitFileType = wrapper.framework; includeInIndex = 0; path = RevenueCat.framework; sourceTree = BUILT_PRODUCTS_DIR; };
		319B5355A7B3703FF80BCCBF /* AppRegistry.swift */ = {isa = PBXFileReference; lastKnownFileType = sourcecode.swift; path = AppRegistry.swift; sourceTree = "<group>"; };
		324A266635538728A3099AB4 /* CAtomic.framework */ = {isa = PBXFileReference; explicitFileType = wrapper.framework; includeInIndex = 0; path = CAtomic.framework; sourceTree = BUILT_PRODUCTS_DIR; };
		33BBD74590FC341653DF3BBB /* IceCubesApp.app */ = {isa = PBXFileReference; explicitFileType = wrapper.application; includeInIndex = 0; path = IceCubesApp.app; sourceTree = BUILT_PRODUCTS_DIR; };
		35E6C344536002E85CD20D62 /* Timeline.framework */ = {isa = PBXFileReference; explicitFileType = wrapper.framework; includeInIndex = 0; path = Timeline.framework; sourceTree = BUILT_PRODUCTS_DIR; };
		3629F25C6C48CE1BE050E9D6 /* TuistBundle+IceCubesApp.swift */ = {isa = PBXFileReference; lastKnownFileType = sourcecode.swift; path = "TuistBundle+IceCubesApp.swift"; sourceTree = "<group>"; };
		37CDC45A9E8800C5FB33B0C8 /* ReportView.swift */ = {isa = PBXFileReference; lastKnownFileType = sourcecode.swift; path = ReportView.swift; sourceTree = "<group>"; };
		45E59AD5B39CA121A2F836E7 /* Explore.framework */ = {isa = PBXFileReference; explicitFileType = wrapper.framework; includeInIndex = 0; path = Explore.framework; sourceTree = BUILT_PRODUCTS_DIR; };
		486704CB61D5B7F173796986 /* glass.caf */ = {isa = PBXFileReference; path = glass.caf; sourceTree = "<group>"; };
		4A23BAA6E3AD97150F360169 /* IceCubesApp+Menu.swift */ = {isa = PBXFileReference; lastKnownFileType = sourcecode.swift; path = "IceCubesApp+Menu.swift"; sourceTree = "<group>"; };
		4C5A1F0D02AF5F4D723E49AE /* SideBarView.swift */ = {isa = PBXFileReference; lastKnownFileType = sourcecode.swift; path = SideBarView.swift; sourceTree = "<group>"; };
		5602922659F3FDB616ED92C8 /* favorite.wav */ = {isa = PBXFileReference; lastKnownFileType = audio.wav; path = favorite.wav; sourceTree = "<group>"; };
		564E804BD1AA5CA73F3320A8 /* SidebarEntriesSettingsView.swift */ = {isa = PBXFileReference; lastKnownFileType = sourcecode.swift; path = SidebarEntriesSettingsView.swift; sourceTree = "<group>"; };
		5AB1FA389BECEEF2B8F5AC26 /* Network.framework */ = {isa = PBXFileReference; explicitFileType = wrapper.framework; includeInIndex = 0; path = Network.framework; sourceTree = BUILT_PRODUCTS_DIR; };
		5CA030CDEA1E250BE2A269EC /* Lists.framework */ = {isa = PBXFileReference; explicitFileType = wrapper.framework; includeInIndex = 0; path = Lists.framework; sourceTree = BUILT_PRODUCTS_DIR; };
		5DDF15D836BAC4EBE7B96C07 /* refresh.wav */ = {isa = PBXFileReference; lastKnownFileType = audio.wav; path = refresh.wav; sourceTree = "<group>"; };
		5FE7402E962CBE163CB9BF87 /* Atkinson-Hyperlegible-Regular-102.ttf */ = {isa = PBXFileReference; lastKnownFileType = file; path = "Atkinson-Hyperlegible-Regular-102.ttf"; sourceTree = "<group>"; };
		6470EEFF3662788B692883D3 /* bookmark.wav */ = {isa = PBXFileReference; lastKnownFileType = audio.wav; path = bookmark.wav; sourceTree = "<group>"; };
		66AD8CF16365C23CA7E145CE /* Nuke.framework */ = {isa = PBXFileReference; explicitFileType = wrapper.framework; includeInIndex = 0; path = Nuke.framework; sourceTree = BUILT_PRODUCTS_DIR; };
		67A660FBE6496A07950752C4 /* Bodega.framework */ = {isa = PBXFileReference; explicitFileType = wrapper.framework; includeInIndex = 0; path = Bodega.framework; sourceTree = BUILT_PRODUCTS_DIR; };
		6CCF8956FA21A95849B5775F /* DesignSystem_DesignSystem.bundle */ = {isa = PBXFileReference; explicitFileType = wrapper.cfbundle; includeInIndex = 0; path = DesignSystem_DesignSystem.bundle; sourceTree = BUILT_PRODUCTS_DIR; };
		6DBD3E8B60FE2ECC5ACB480B /* IconSelectorView.swift */ = {isa = PBXFileReference; lastKnownFileType = sourcecode.swift; path = IconSelectorView.swift; sourceTree = "<group>"; };
		7028FA985E04A62E86A872BC /* boost.wav */ = {isa = PBXFileReference; lastKnownFileType = audio.wav; path = boost.wav; sourceTree = "<group>"; };
		72FDB1492A5DD4253C410B3D /* NotificationTab.swift */ = {isa = PBXFileReference; lastKnownFileType = sourcecode.swift; path = NotificationTab.swift; sourceTree = "<group>"; };
		733A9FB6F3A10FA6D2B725A5 /* pull.wav */ = {isa = PBXFileReference; lastKnownFileType = audio.wav; path = pull.wav; sourceTree = "<group>"; };
		78414979EB27CEEE71F8B9AA /* Preview Assets.xcassets */ = {isa = PBXFileReference; lastKnownFileType = folder.assetcatalog; path = "Preview Assets.xcassets"; sourceTree = "<group>"; };
		7C74F6D3B4F8E13077614EF2 /* IceCubesApp.swift */ = {isa = PBXFileReference; lastKnownFileType = sourcecode.swift; path = IceCubesApp.swift; sourceTree = "<group>"; };
		82E99D7E6B15EA5C6B364580 /* TuistAssets+IceCubesApp.swift */ = {isa = PBXFileReference; lastKnownFileType = sourcecode.swift; path = "TuistAssets+IceCubesApp.swift"; sourceTree = "<group>"; };
		84A7AAFA84571A95EEC43710 /* NukeUI.framework */ = {isa = PBXFileReference; explicitFileType = wrapper.framework; includeInIndex = 0; path = NukeUI.framework; sourceTree = BUILT_PRODUCTS_DIR; };
		84EA90130D2855FF3FA8A0C3 /* AddAccountsView.swift */ = {isa = PBXFileReference; lastKnownFileType = sourcecode.swift; path = AddAccountsView.swift; sourceTree = "<group>"; };
		8751955833413D138FA91E90 /* RecenTagsSettingView.swift */ = {isa = PBXFileReference; lastKnownFileType = sourcecode.swift; path = RecenTagsSettingView.swift; sourceTree = "<group>"; };
		88098E27B029C6E37BDD6295 /* IceCubesApp+Scene.swift */ = {isa = PBXFileReference; lastKnownFileType = sourcecode.swift; path = "IceCubesApp+Scene.swift"; sourceTree = "<group>"; };
		8E0A7B1A89F82AB6E0C16F82 /* NavigationSheet.swift */ = {isa = PBXFileReference; lastKnownFileType = sourcecode.swift; path = NavigationSheet.swift; sourceTree = "<group>"; };
		904E3633CEA4E06038E3881B /* cmark_gfm_extensions.framework */ = {isa = PBXFileReference; explicitFileType = wrapper.framework; includeInIndex = 0; path = cmark_gfm_extensions.framework; sourceTree = BUILT_PRODUCTS_DIR; };
		922D039BBB866F73EC709C7A /* Env.framework */ = {isa = PBXFileReference; explicitFileType = wrapper.framework; includeInIndex = 0; path = Env.framework; sourceTree = BUILT_PRODUCTS_DIR; };
		931C06FAFC1C060564883066 /* TimelineTab.swift */ = {isa = PBXFileReference; lastKnownFileType = sourcecode.swift; path = TimelineTab.swift; sourceTree = "<group>"; };
		947DC6E8CC74F93714A4840F /* SFSafeSymbols.framework */ = {isa = PBXFileReference; explicitFileType = wrapper.framework; includeInIndex = 0; path = SFSafeSymbols.framework; sourceTree = BUILT_PRODUCTS_DIR; };
		9683D1591B531EA7883A19ED /* EmojiText.framework */ = {isa = PBXFileReference; explicitFileType = wrapper.framework; includeInIndex = 0; path = EmojiText.framework; sourceTree = BUILT_PRODUCTS_DIR; };
		9881C0932A4136257756CF51 /* share.wav */ = {isa = PBXFileReference; lastKnownFileType = audio.wav; path = share.wav; sourceTree = "<group>"; };
		9A0193E128E72446C99215BB /* AppView.swift */ = {isa = PBXFileReference; lastKnownFileType = sourcecode.swift; path = AppView.swift; sourceTree = "<group>"; };
		9A268E0CF08123CBCE1303A9 /* StatusKit.framework */ = {isa = PBXFileReference; explicitFileType = wrapper.framework; includeInIndex = 0; path = StatusKit.framework; sourceTree = BUILT_PRODUCTS_DIR; };
		9A279C605265CB98C7D92739 /* SQLite.framework */ = {isa = PBXFileReference; explicitFileType = wrapper.framework; includeInIndex = 0; path = SQLite.framework; sourceTree = BUILT_PRODUCTS_DIR; };
		9A5D4A1D6A65A5A4576813A7 /* SupportAppView.swift */ = {isa = PBXFileReference; lastKnownFileType = sourcecode.swift; path = SupportAppView.swift; sourceTree = "<group>"; };
		9F016A8CA05091FB7C8E0144 /* Markdown.framework */ = {isa = PBXFileReference; explicitFileType = wrapper.framework; includeInIndex = 0; path = Markdown.framework; sourceTree = BUILT_PRODUCTS_DIR; };
		A04B1A79A318B58A3D421737 /* SwiftUIIntrospect.framework */ = {isa = PBXFileReference; explicitFileType = wrapper.framework; includeInIndex = 0; path = SwiftUIIntrospect.framework; sourceTree = BUILT_PRODUCTS_DIR; };
		A05D5434D6524243429DE177 /* tootSent.wav */ = {isa = PBXFileReference; lastKnownFileType = audio.wav; path = tootSent.wav; sourceTree = "<group>"; };
		A108056DBE6E062271F74B2A /* IceCubesApp-Info.plist */ = {isa = PBXFileReference; lastKnownFileType = text.plist; path = "IceCubesApp-Info.plist"; sourceTree = "<group>"; };
		A2B7A284E3C5DD4F7EAC7082 /* LRUCache.framework */ = {isa = PBXFileReference; explicitFileType = wrapper.framework; includeInIndex = 0; path = LRUCache.framework; sourceTree = BUILT_PRODUCTS_DIR; };
		A8BBD45F46FDED25896748F9 /* Conversations.framework */ = {isa = PBXFileReference; explicitFileType = wrapper.framework; includeInIndex = 0; path = Conversations.framework; sourceTree = BUILT_PRODUCTS_DIR; };
		A8EC7BF3C46F192713282869 /* SwiftSoup.framework */ = {isa = PBXFileReference; explicitFileType = wrapper.framework; includeInIndex = 0; path = SwiftSoup.framework; sourceTree = BUILT_PRODUCTS_DIR; };
		AD1AA889DBFDC81D32FDC7F2 /* RevenueCat_RevenueCat.bundle */ = {isa = PBXFileReference; explicitFileType = wrapper.cfbundle; includeInIndex = 0; path = RevenueCat_RevenueCat.bundle; sourceTree = BUILT_PRODUCTS_DIR; };
		B149CA2567E7F2D67B0F14A2 /* AboutView.swift */ = {isa = PBXFileReference; lastKnownFileType = sourcecode.swift; path = AboutView.swift; sourceTree = "<group>"; };
		B93C9569DC1A1E5C2A7A89EA /* TranslationSettingsView.swift */ = {isa = PBXFileReference; lastKnownFileType = sourcecode.swift; path = TranslationSettingsView.swift; sourceTree = "<group>"; };
		BBBFAEF9F313C2CF0559B07B /* SettingsTab.swift */ = {isa = PBXFileReference; lastKnownFileType = sourcecode.swift; path = SettingsTab.swift; sourceTree = "<group>"; };
		C04AC5F5D01ED96098AE576C /* ProfileTab.swift */ = {isa = PBXFileReference; lastKnownFileType = sourcecode.swift; path = ProfileTab.swift; sourceTree = "<group>"; };
		C28AF0EA77E4A64A37E757F3 /* Models.framework */ = {isa = PBXFileReference; explicitFileType = wrapper.framework; includeInIndex = 0; path = Models.framework; sourceTree = BUILT_PRODUCTS_DIR; };
		C851D8913F7925D7DC092E1F /* ExploreTab.swift */ = {isa = PBXFileReference; lastKnownFileType = sourcecode.swift; path = ExploreTab.swift; sourceTree = "<group>"; };
		CCE7BD06FC1994B46AE5E3F1 /* ButtonKit.framework */ = {isa = PBXFileReference; explicitFileType = wrapper.framework; includeInIndex = 0; path = ButtonKit.framework; sourceTree = BUILT_PRODUCTS_DIR; };
		CED6F8169E8802E9F14EFCC6 /* HapticSettingsView.swift */ = {isa = PBXFileReference; lastKnownFileType = sourcecode.swift; path = HapticSettingsView.swift; sourceTree = "<group>"; };
		D2E39C815BFE08A383944015 /* Assets.xcassets */ = {isa = PBXFileReference; lastKnownFileType = folder.assetcatalog; path = Assets.xcassets; sourceTree = "<group>"; };
		D917EF94CF8278BAEE195DDA /* AddRemoteTimelineView.swift */ = {isa = PBXFileReference; lastKnownFileType = sourcecode.swift; path = AddRemoteTimelineView.swift; sourceTree = "<group>"; };
		D9B5B25AB093A2093D554EFA /* EditTagGroupView.swift */ = {isa = PBXFileReference; lastKnownFileType = sourcecode.swift; path = EditTagGroupView.swift; sourceTree = "<group>"; };
		DC1D802BA5CADA3C72CE8674 /* KeychainSwift.framework */ = {isa = PBXFileReference; explicitFileType = wrapper.framework; includeInIndex = 0; path = KeychainSwift.framework; sourceTree = BUILT_PRODUCTS_DIR; };
		DEBC568CEFF6EEA37516BA5C /* InstanceInfoView.swift */ = {isa = PBXFileReference; lastKnownFileType = sourcecode.swift; path = InstanceInfoView.swift; sourceTree = "<group>"; };
		E48D30BC2CE852B1A34665F5 /* OpenDyslexic-Regular.otf */ = {isa = PBXFileReference; lastKnownFileType = file; path = "OpenDyslexic-Regular.otf"; sourceTree = "<group>"; };
		E75F38DE5023B148E1015BB4 /* ContentSettingsView.swift */ = {isa = PBXFileReference; lastKnownFileType = sourcecode.swift; path = ContentSettingsView.swift; sourceTree = "<group>"; };
		E9CC5AAC333E5F68E8513595 /* TagsGroupSettingView.swift */ = {isa = PBXFileReference; lastKnownFileType = sourcecode.swift; path = TagsGroupSettingView.swift; sourceTree = "<group>"; };
		ED63E184E72928E611FC5DB9 /* MessagesTab.swift */ = {isa = PBXFileReference; lastKnownFileType = sourcecode.swift; path = MessagesTab.swift; sourceTree = "<group>"; };
		F25D4CF374B7040B6A084B1B /* DesignSystem.framework */ = {isa = PBXFileReference; explicitFileType = wrapper.framework; includeInIndex = 0; path = DesignSystem.framework; sourceTree = BUILT_PRODUCTS_DIR; };
		F89D3E31E6DD5045E1310114 /* AppAccount.framework */ = {isa = PBXFileReference; explicitFileType = wrapper.framework; includeInIndex = 0; path = AppAccount.framework; sourceTree = BUILT_PRODUCTS_DIR; };
		F926F226E1862E13BBB9C461 /* TuistFonts+IceCubesApp.swift */ = {isa = PBXFileReference; lastKnownFileType = sourcecode.swift; path = "TuistFonts+IceCubesApp.swift"; sourceTree = "<group>"; };
		F94EF0BC4EB45D7B5F7D0AA1 /* SafariRouter.swift */ = {isa = PBXFileReference; lastKnownFileType = sourcecode.swift; path = SafariRouter.swift; sourceTree = "<group>"; };
		FA7F9636F4395E8F512CED35 /* RemoteTimelinesSettingView.swift */ = {isa = PBXFileReference; lastKnownFileType = sourcecode.swift; path = RemoteTimelinesSettingView.swift; sourceTree = "<group>"; };
		FB3745D3CC049102531292D5 /* SwiftSoup_SwiftSoup.bundle */ = {isa = PBXFileReference; explicitFileType = wrapper.cfbundle; includeInIndex = 0; path = SwiftSoup_SwiftSoup.bundle; sourceTree = BUILT_PRODUCTS_DIR; };
		FC6133284CEA1CA660DCBF0D /* Account.framework */ = {isa = PBXFileReference; explicitFileType = wrapper.framework; includeInIndex = 0; path = Account.framework; sourceTree = BUILT_PRODUCTS_DIR; };
		FCD752A152AA99AF25BF23D3 /* tabSelection.wav */ = {isa = PBXFileReference; lastKnownFileType = audio.wav; path = tabSelection.wav; sourceTree = "<group>"; };
		FD608FA09D557B2D99D91743 /* DisplaySettingsView.swift */ = {isa = PBXFileReference; lastKnownFileType = sourcecode.swift; path = DisplaySettingsView.swift; sourceTree = "<group>"; };
		FE94715E97525D19D2CDC901 /* NavigationTab.swift */ = {isa = PBXFileReference; lastKnownFileType = sourcecode.swift; path = NavigationTab.swift; sourceTree = "<group>"; };
/* End PBXFileReference section */

/* Begin PBXFrameworksBuildPhase section */
		8758C89D1EF4A4EC4CCEEE50 /* Frameworks */ = {
			isa = PBXFrameworksBuildPhase;
			buildActionMask = 2147483647;
			files = (
				14648306E1D05A90F6A52C0F /* Account.framework in Frameworks */,
				BC355CD7612F4BB5689DC361 /* AppAccount.framework in Frameworks */,
				58FF9864B0FBD82778BF7896 /* Bodega.framework in Frameworks */,
				C8C1217424722867604064C1 /* ButtonKit.framework in Frameworks */,
				DDC44612B3650E4E1C6F430E /* CAtomic.framework in Frameworks */,
				C912588058F6F839AD44D981 /* Conversations.framework in Frameworks */,
				F2645EDFC36FF4CEEB500086 /* DesignSystem.framework in Frameworks */,
				E38C2A8EE703709373E9BBC6 /* EmojiText.framework in Frameworks */,
				8670C5F3348A3934C4C494E8 /* Env.framework in Frameworks */,
				78628AD3B51F75427D17E00D /* Explore.framework in Frameworks */,
				8EF3C315BABB56C6F442A733 /* KeychainSwift.framework in Frameworks */,
				D8E3CDC39B4959BD0984F7AC /* LRUCache.framework in Frameworks */,
				28116A47C6DA363BAE2A29D2 /* Lists.framework in Frameworks */,
				CF6AB9DB14F27E71056D9ACA /* Markdown.framework in Frameworks */,
				6A38572BBC3032BF3162115A /* MediaUI.framework in Frameworks */,
				538177968700746FC6E45586 /* Models.framework in Frameworks */,
				A87911E3EF2E63FC04E009FB /* Network.framework in Frameworks */,
				CFE4447228FBC02642B96378 /* Notifications.framework in Frameworks */,
				5F45E3AA2EAAAD930B309660 /* Nuke.framework in Frameworks */,
				AD610250DD9249A9C4D6A839 /* NukeUI.framework in Frameworks */,
				2679C454A983E5249C01A1F5 /* RevenueCat.framework in Frameworks */,
				75631A3561EED472857E8816 /* SFSafeSymbols.framework in Frameworks */,
				2AA985A8DBC5F4DF5165E04B /* SQLite.framework in Frameworks */,
				FB44A780EBE8D0EED573959E /* StatusKit.framework in Frameworks */,
				57945D2A2AFAA725C28180EF /* SwiftSoup.framework in Frameworks */,
				9E5C16266E5EB2E611CA7D73 /* SwiftUIIntrospect.framework in Frameworks */,
				66BB6B2829C824382B8FADCE /* Timeline.framework in Frameworks */,
				710263F9904805417B7CDA20 /* cmark_gfm.framework in Frameworks */,
				9A98A9BDBC5A97629F08E358 /* cmark_gfm_extensions.framework in Frameworks */,
			);
			runOnlyForDeploymentPostprocessing = 0;
		};
/* End PBXFrameworksBuildPhase section */

/* Begin PBXGroup section */
		0E0555F56589A1DFBBE3ECCC /* Embeds */ = {
			isa = PBXGroup;
			children = (
				5FE7402E962CBE163CB9BF87 /* Atkinson-Hyperlegible-Regular-102.ttf */,
				6470EEFF3662788B692883D3 /* bookmark.wav */,
				7028FA985E04A62E86A872BC /* boost.wav */,
				5602922659F3FDB616ED92C8 /* favorite.wav */,
				486704CB61D5B7F173796986 /* glass.caf */,
				246A9BD6F18E0D7BAC42C0A2 /* glass.wav */,
				E48D30BC2CE852B1A34665F5 /* OpenDyslexic-Regular.otf */,
				733A9FB6F3A10FA6D2B725A5 /* pull.wav */,
				5DDF15D836BAC4EBE7B96C07 /* refresh.wav */,
				9881C0932A4136257756CF51 /* share.wav */,
				FCD752A152AA99AF25BF23D3 /* tabSelection.wav */,
				A05D5434D6524243429DE177 /* tootSent.wav */,
			);
			path = Embeds;
			sourceTree = "<group>";
		};
		2388B66FE931061D77AC6B72 /* Resources */ = {
			isa = PBXGroup;
			children = (
				78414979EB27CEEE71F8B9AA /* Preview Assets.xcassets */,
			);
			path = Resources;
			sourceTree = "<group>";
		};
		28E10ACE0486136A74C73BE8 /* TagGroup */ = {
			isa = PBXGroup;
			children = (
				D9B5B25AB093A2093D554EFA /* EditTagGroupView.swift */,
			);
			path = TagGroup;
			sourceTree = "<group>";
		};
		363B0505C001FEA2825A532A /* Sources */ = {
			isa = PBXGroup;
			children = (
				82E99D7E6B15EA5C6B364580 /* TuistAssets+IceCubesApp.swift */,
				3629F25C6C48CE1BE050E9D6 /* TuistBundle+IceCubesApp.swift */,
				F926F226E1862E13BBB9C461 /* TuistFonts+IceCubesApp.swift */,
			);
			path = Sources;
			sourceTree = "<group>";
		};
		374C34F6996B90F452310E4B /* Timeline */ = {
			isa = PBXGroup;
			children = (
				D917EF94CF8278BAEE195DDA /* AddRemoteTimelineView.swift */,
				931C06FAFC1C060564883066 /* TimelineTab.swift */,
			);
			path = Timeline;
			sourceTree = "<group>";
		};
		52EE82373C4C88E3188F6EF7 = {
			isa = PBXGroup;
			children = (
				C95024307AD4145E9EA642A5 /* Project */,
				DE0E59E7619ABB0279FC56EB /* Products */,
			);
			sourceTree = "<group>";
		};
		6577E2857275A0ED26E3E9C1 /* Main */ = {
			isa = PBXGroup;
			children = (
				9A0193E128E72446C99215BB /* AppView.swift */,
				7C74F6D3B4F8E13077614EF2 /* IceCubesApp.swift */,
				4A23BAA6E3AD97150F360169 /* IceCubesApp+Menu.swift */,
				88098E27B029C6E37BDD6295 /* IceCubesApp+Scene.swift */,
			);
			path = Main;
			sourceTree = "<group>";
		};
		6B1E6E400FDA97064FA96C74 /* InfoPlists */ = {
			isa = PBXGroup;
			children = (
				A108056DBE6E062271F74B2A /* IceCubesApp-Info.plist */,
			);
			path = InfoPlists;
			sourceTree = "<group>";
		};
		7C698084FEFDDE139F36691B /* Report */ = {
			isa = PBXGroup;
			children = (
				37CDC45A9E8800C5FB33B0C8 /* ReportView.swift */,
			);
			path = Report;
			sourceTree = "<group>";
		};
		A086DB6BA1C524FD74DD4A3C /* Settings */ = {
			isa = PBXGroup;
			children = (
				B149CA2567E7F2D67B0F14A2 /* AboutView.swift */,
				21D3E86854A52F84D2ABA50E /* AccountSettingView.swift */,
				84EA90130D2855FF3FA8A0C3 /* AddAccountsView.swift */,
				E75F38DE5023B148E1015BB4 /* ContentSettingsView.swift */,
				FD608FA09D557B2D99D91743 /* DisplaySettingsView.swift */,
				CED6F8169E8802E9F14EFCC6 /* HapticSettingsView.swift */,
				6DBD3E8B60FE2ECC5ACB480B /* IconSelectorView.swift */,
				DEBC568CEFF6EEA37516BA5C /* InstanceInfoView.swift */,
				1165478682C30B45973DDCB2 /* PushNotificationsView.swift */,
				8751955833413D138FA91E90 /* RecenTagsSettingView.swift */,
				FA7F9636F4395E8F512CED35 /* RemoteTimelinesSettingView.swift */,
				BBBFAEF9F313C2CF0559B07B /* SettingsTab.swift */,
				564E804BD1AA5CA73F3320A8 /* SidebarEntriesSettingsView.swift */,
				9A5D4A1D6A65A5A4576813A7 /* SupportAppView.swift */,
				1476FBD48666C63DFF9B07F8 /* SwipeActionsSettingsView.swift */,
				0ED7C76F1A2FD6727275F7A3 /* TabbarEntriesSettingsView.swift */,
				E9CC5AAC333E5F68E8513595 /* TagsGroupSettingView.swift */,
				B93C9569DC1A1E5C2A7A89EA /* TranslationSettingsView.swift */,
			);
			path = Settings;
			sourceTree = "<group>";
		};
		AAF5E57A872721EE43A59F16 /* Tabs */ = {
			isa = PBXGroup;
			children = (
				A086DB6BA1C524FD74DD4A3C /* Settings */,
				28E10ACE0486136A74C73BE8 /* TagGroup */,
				374C34F6996B90F452310E4B /* Timeline */,
				C851D8913F7925D7DC092E1F /* ExploreTab.swift */,
				ED63E184E72928E611FC5DB9 /* MessagesTab.swift */,
				8E0A7B1A89F82AB6E0C16F82 /* NavigationSheet.swift */,
				FE94715E97525D19D2CDC901 /* NavigationTab.swift */,
				72FDB1492A5DD4253C410B3D /* NotificationTab.swift */,
				C04AC5F5D01ED96098AE576C /* ProfileTab.swift */,
				25C39663E800677BDE8C8A80 /* Tabs.swift */,
				0FC1A228B42C1A4FBF53F6BA /* ToolbarTab.swift */,
			);
			path = Tabs;
			sourceTree = "<group>";
		};
		B1A7944E4CDA6BC0C48D971A /* Derived */ = {
			isa = PBXGroup;
			children = (
				6B1E6E400FDA97064FA96C74 /* InfoPlists */,
				363B0505C001FEA2825A532A /* Sources */,
			);
			path = Derived;
			sourceTree = "<group>";
		};
		C95024307AD4145E9EA642A5 /* Project */ = {
			isa = PBXGroup;
			children = (
				B1A7944E4CDA6BC0C48D971A /* Derived */,
				EDBF7222269FDF1D15122216 /* IceCubesApp */,
			);
			name = Project;
			sourceTree = "<group>";
		};
		D05E48FA3A5825C7A3FF6099 /* App */ = {
			isa = PBXGroup;
			children = (
				6577E2857275A0ED26E3E9C1 /* Main */,
				7C698084FEFDDE139F36691B /* Report */,
				AAF5E57A872721EE43A59F16 /* Tabs */,
				319B5355A7B3703FF80BCCBF /* AppRegistry.swift */,
				F94EF0BC4EB45D7B5F7D0AA1 /* SafariRouter.swift */,
				4C5A1F0D02AF5F4D723E49AE /* SideBarView.swift */,
			);
			path = App;
			sourceTree = "<group>";
		};
		DE0E59E7619ABB0279FC56EB /* Products */ = {
			isa = PBXGroup;
			children = (
				FC6133284CEA1CA660DCBF0D /* Account.framework */,
				F89D3E31E6DD5045E1310114 /* AppAccount.framework */,
				67A660FBE6496A07950752C4 /* Bodega.framework */,
				CCE7BD06FC1994B46AE5E3F1 /* ButtonKit.framework */,
				324A266635538728A3099AB4 /* CAtomic.framework */,
				904E3633CEA4E06038E3881B /* cmark_gfm_extensions.framework */,
				0F5B0E870EB9C8C4135A1C98 /* cmark_gfm.framework */,
				A8BBD45F46FDED25896748F9 /* Conversations.framework */,
				6CCF8956FA21A95849B5775F /* DesignSystem_DesignSystem.bundle */,
				F25D4CF374B7040B6A084B1B /* DesignSystem.framework */,
				9683D1591B531EA7883A19ED /* EmojiText.framework */,
				922D039BBB866F73EC709C7A /* Env.framework */,
				45E59AD5B39CA121A2F836E7 /* Explore.framework */,
				33BBD74590FC341653DF3BBB /* IceCubesApp.app */,
				DC1D802BA5CADA3C72CE8674 /* KeychainSwift.framework */,
				5CA030CDEA1E250BE2A269EC /* Lists.framework */,
				A2B7A284E3C5DD4F7EAC7082 /* LRUCache.framework */,
				9F016A8CA05091FB7C8E0144 /* Markdown.framework */,
				13B0AE1980B35A95F2A10FB9 /* MediaUI.framework */,
				C28AF0EA77E4A64A37E757F3 /* Models.framework */,
				5AB1FA389BECEEF2B8F5AC26 /* Network.framework */,
				27FFBC4DB5D640CED249E9F9 /* Notifications.framework */,
				66AD8CF16365C23CA7E145CE /* Nuke.framework */,
				84A7AAFA84571A95EEC43710 /* NukeUI.framework */,
				AD1AA889DBFDC81D32FDC7F2 /* RevenueCat_RevenueCat.bundle */,
				3122A675DC295F448613DF41 /* RevenueCat.framework */,
				947DC6E8CC74F93714A4840F /* SFSafeSymbols.framework */,
				9A279C605265CB98C7D92739 /* SQLite.framework */,
				9A268E0CF08123CBCE1303A9 /* StatusKit.framework */,
				FB3745D3CC049102531292D5 /* SwiftSoup_SwiftSoup.bundle */,
				A8EC7BF3C46F192713282869 /* SwiftSoup.framework */,
				A04B1A79A318B58A3D421737 /* SwiftUIIntrospect.framework */,
				35E6C344536002E85CD20D62 /* Timeline.framework */,
			);
			name = Products;
			sourceTree = "<group>";
		};
		EDBF7222269FDF1D15122216 /* IceCubesApp */ = {
			isa = PBXGroup;
			children = (
				D05E48FA3A5825C7A3FF6099 /* App */,
				0E0555F56589A1DFBBE3ECCC /* Embeds */,
				2388B66FE931061D77AC6B72 /* Resources */,
				D2E39C815BFE08A383944015 /* Assets.xcassets */,
			);
			path = IceCubesApp;
			sourceTree = "<group>";
		};
/* End PBXGroup section */

/* Begin PBXNativeTarget section */
		02D52559A97F1BD0968528E2 /* IceCubesApp */ = {
			isa = PBXNativeTarget;
			buildConfigurationList = C95151FCDE48A026924A2293 /* Build configuration list for PBXNativeTarget "IceCubesApp" */;
			buildPhases = (
				DC36569E77A5E24EE6FA5EC2 /* Sources */,
				133F635C4755B2668DFB680C /* Resources */,
				235EA327880E43CE55508878 /* Embed Frameworks */,
				8758C89D1EF4A4EC4CCEEE50 /* Frameworks */,
				C5110644DBB4DB28FE448C26 /* Dependencies */,
			);
			buildRules = (
			);
			dependencies = (
			);
			name = IceCubesApp;
			packageProductDependencies = (
			);
			productName = IceCubesApp;
			productReference = 33BBD74590FC341653DF3BBB /* IceCubesApp.app */;
			productType = "com.apple.product-type.application";
		};
/* End PBXNativeTarget section */

/* Begin PBXProject section */
		7E0644ACD8ECB6C957D48542 /* Project object */ = {
			isa = PBXProject;
			attributes = {
				BuildIndependentTargetsInParallel = YES;
				TargetAttributes = {
				};
			};
			buildConfigurationList = A57F7E534983F581A3E4EC4F /* Build configuration list for PBXProject "IceCubesApp" */;
			compatibilityVersion = "Xcode 14.0";
			developmentRegion = en;
			hasScannedForEncodings = 0;
			knownRegions = (
				Base,
				en,
			);
			mainGroup = 52EE82373C4C88E3188F6EF7;
			productRefGroup = DE0E59E7619ABB0279FC56EB /* Products */;
			projectDirPath = "";
			projectRoot = "";
			targets = (
				02D52559A97F1BD0968528E2 /* IceCubesApp */,
			);
		};
/* End PBXProject section */

/* Begin PBXResourcesBuildPhase section */
		133F635C4755B2668DFB680C /* Resources */ = {
			isa = PBXResourcesBuildPhase;
			buildActionMask = 2147483647;
			files = (
				1D852AC73A1AC5CBCAB90E91 /* Assets.xcassets in Resources */,
				38166E8A35DB5F3BA96A6D7E /* Atkinson-Hyperlegible-Regular-102.ttf in Resources */,
				79DED10FEED981DA9CCA876F /* OpenDyslexic-Regular.otf in Resources */,
				714C226036CAA7D6B694B365 /* bookmark.wav in Resources */,
				5F8C18C985748EB24C5CA006 /* boost.wav in Resources */,
				FF730A94DBF774315578D8CE /* favorite.wav in Resources */,
				00B61BAAF24B7C76CCA33882 /* glass.caf in Resources */,
				C2F43B5D916D6E3C4A969B6E /* glass.wav in Resources */,
				50DD0876B032DF577C0C6EED /* pull.wav in Resources */,
				5F0B00B02B3E6B8B05FC44C6 /* refresh.wav in Resources */,
				B4FDAAA01B39FB4C5D0FB352 /* share.wav in Resources */,
				C590AF08E416AD926FAF1BD7 /* tabSelection.wav in Resources */,
				BCD47A0110CF9A8CA0E9AA39 /* tootSent.wav in Resources */,
				346E9BB83778A6AA982B6B4B /* Preview Assets.xcassets in Resources */,
				EF468144CC502743E2900D28 /* DesignSystem_DesignSystem.bundle in Resources */,
				0ED9D4699C4B83AF69002A3F /* RevenueCat_RevenueCat.bundle in Resources */,
				2944CE1E975C03356E2BBF45 /* SwiftSoup_SwiftSoup.bundle in Resources */,
			);
			runOnlyForDeploymentPostprocessing = 0;
		};
/* End PBXResourcesBuildPhase section */

/* Begin PBXSourcesBuildPhase section */
		DC36569E77A5E24EE6FA5EC2 /* Sources */ = {
			isa = PBXSourcesBuildPhase;
			buildActionMask = 2147483647;
			files = (
				7421B50BC420E509E0ADB37E /* TuistAssets+IceCubesApp.swift in Sources */,
				373D92CE2EEB0AC8CFBFC6C6 /* TuistBundle+IceCubesApp.swift in Sources */,
				79A77EB051BA742F640B0EC5 /* TuistFonts+IceCubesApp.swift in Sources */,
				49E6F0D969873658EF1260CA /* AppRegistry.swift in Sources */,
				1314F4BEEA58776A2476A633 /* AppView.swift in Sources */,
				28DE968D74A472B0AB9525C9 /* IceCubesApp+Menu.swift in Sources */,
				8341FED0F037DC5338A6E624 /* IceCubesApp+Scene.swift in Sources */,
				44186B1D06436ABF05ED8163 /* IceCubesApp.swift in Sources */,
				BA1F170501ACE5F278A2CA00 /* ReportView.swift in Sources */,
				5FD133FD232EF6CCAF9888DE /* SafariRouter.swift in Sources */,
				E7BF69691800FECD1715BB81 /* SideBarView.swift in Sources */,
				2562C5B90B87B8A3B4F2BA24 /* ExploreTab.swift in Sources */,
				86F6627D1DF683C4AD85D331 /* MessagesTab.swift in Sources */,
				6817EC7235E04ECFD1010D17 /* NavigationSheet.swift in Sources */,
				0531E5FA1314732FB4153965 /* NavigationTab.swift in Sources */,
				22B6B825479789A22E73DD96 /* NotificationTab.swift in Sources */,
				C0531F95EE516027AAA57D66 /* ProfileTab.swift in Sources */,
				44F153D804186F1438A583B1 /* AboutView.swift in Sources */,
				F1550DC03C89E54D12DF8AE4 /* AccountSettingView.swift in Sources */,
				070DC31BAAF31E4CA38776FE /* AddAccountsView.swift in Sources */,
				6EF8E6320A1097BB8721E301 /* ContentSettingsView.swift in Sources */,
				B5296D784E1D25657DAD3A9C /* DisplaySettingsView.swift in Sources */,
				D8F34CB31D64382521B0C7F7 /* HapticSettingsView.swift in Sources */,
				0C98A70353D620EF67DE5F19 /* IconSelectorView.swift in Sources */,
				2432C95103F15E5917E3A2A0 /* InstanceInfoView.swift in Sources */,
				C96EB5ED4552916DCA016255 /* PushNotificationsView.swift in Sources */,
				6189437DD13649BB1CA1F874 /* RecenTagsSettingView.swift in Sources */,
				1FD25E19DC3E1A9DF9EB2F43 /* RemoteTimelinesSettingView.swift in Sources */,
				D5E32A642050FB7F0189C6FB /* SettingsTab.swift in Sources */,
				5C39FE6B1FCB6E1CB9BD5AB7 /* SidebarEntriesSettingsView.swift in Sources */,
				E772A0518B0AA59335DC3AB9 /* SupportAppView.swift in Sources */,
				7AAE6424FF87185A0EEBA95A /* SwipeActionsSettingsView.swift in Sources */,
				E803177D8E7E585E042DDE63 /* TabbarEntriesSettingsView.swift in Sources */,
				DAFDD5929C7A0A2DEFEF8571 /* TagsGroupSettingView.swift in Sources */,
				9AF2BF94B394F50D965AE6DF /* TranslationSettingsView.swift in Sources */,
				948235C52B5B172F64271771 /* Tabs.swift in Sources */,
				18FC4E7FB93FC318B8C8DAAC /* EditTagGroupView.swift in Sources */,
				0F0CC0453365A6D41283E3CF /* AddRemoteTimelineView.swift in Sources */,
				370C5363E4AF47473CD4AA7E /* TimelineTab.swift in Sources */,
				214311924041E02412C5E231 /* ToolbarTab.swift in Sources */,
			);
			runOnlyForDeploymentPostprocessing = 0;
		};
/* End PBXSourcesBuildPhase section */

/* Begin XCBuildConfiguration section */
		241B8696C13D8EB4A0E1C7D1 /* Debug */ = {
			isa = XCBuildConfiguration;
			buildSettings = {
				ALWAYS_SEARCH_USER_PATHS = NO;
				CLANG_ANALYZER_LOCALIZABILITY_NONLOCALIZED = YES;
				CLANG_ANALYZER_NONNULL = YES;
				CLANG_ANALYZER_NUMBER_OBJECT_CONVERSION = YES_AGGRESSIVE;
				CLANG_CXX_LANGUAGE_STANDARD = "gnu++14";
				CLANG_CXX_LIBRARY = "libc++";
				CLANG_ENABLE_MODULES = YES;
				CLANG_ENABLE_OBJC_ARC = YES;
				CLANG_ENABLE_OBJC_WEAK = YES;
				CLANG_WARN_BLOCK_CAPTURE_AUTORELEASING = YES;
				CLANG_WARN_BOOL_CONVERSION = YES;
				CLANG_WARN_COMMA = YES;
				CLANG_WARN_CONSTANT_CONVERSION = YES;
				CLANG_WARN_DEPRECATED_OBJC_IMPLEMENTATIONS = YES;
				CLANG_WARN_DIRECT_OBJC_ISA_USAGE = YES_ERROR;
				CLANG_WARN_DOCUMENTATION_COMMENTS = YES;
				CLANG_WARN_EMPTY_BODY = YES;
				CLANG_WARN_ENUM_CONVERSION = YES;
				CLANG_WARN_INFINITE_RECURSION = YES;
				CLANG_WARN_INT_CONVERSION = YES;
				CLANG_WARN_NON_LITERAL_NULL_CONVERSION = YES;
				CLANG_WARN_OBJC_IMPLICIT_RETAIN_SELF = YES;
				CLANG_WARN_OBJC_LITERAL_CONVERSION = YES;
				CLANG_WARN_OBJC_ROOT_CLASS = YES_ERROR;
				CLANG_WARN_QUOTED_INCLUDE_IN_FRAMEWORK_HEADER = YES;
				CLANG_WARN_RANGE_LOOP_ANALYSIS = YES;
				CLANG_WARN_STRICT_PROTOTYPES = YES;
				CLANG_WARN_SUSPICIOUS_MOVE = YES;
				CLANG_WARN_UNGUARDED_AVAILABILITY = YES_AGGRESSIVE;
				CLANG_WARN_UNREACHABLE_CODE = YES;
				CLANG_WARN__DUPLICATE_METHOD_MATCH = YES;
				COPY_PHASE_STRIP = NO;
				DEAD_CODE_STRIPPING = YES;
				DEBUG_INFORMATION_FORMAT = dwarf;
				ENABLE_STRICT_OBJC_MSGSEND = YES;
				ENABLE_TESTABILITY = YES;
				GCC_C_LANGUAGE_STANDARD = gnu11;
				GCC_DYNAMIC_NO_PIC = NO;
				GCC_NO_COMMON_BLOCKS = YES;
				GCC_OPTIMIZATION_LEVEL = 0;
				GCC_PREPROCESSOR_DEFINITIONS = (
					"DEBUG=1",
					"$(inherited)",
				);
				GCC_WARN_64_TO_32_BIT_CONVERSION = YES;
				GCC_WARN_ABOUT_RETURN_TYPE = YES_ERROR;
				GCC_WARN_UNDECLARED_SELECTOR = YES;
				GCC_WARN_UNINITIALIZED_AUTOS = YES_AGGRESSIVE;
				GCC_WARN_UNUSED_FUNCTION = YES;
				GCC_WARN_UNUSED_VARIABLE = YES;
				MTL_ENABLE_DEBUG_INFO = YES;
				ONLY_ACTIVE_ARCH = YES;
				PRODUCT_NAME = "$(TARGET_NAME)";
			};
			name = Debug;
		};
		62752A67E7113C1538C5E9B0 /* Release */ = {
			isa = XCBuildConfiguration;
			buildSettings = {
				ASSETCATALOG_COMPILER_APPICON_NAME = AppIcon;
				CODE_SIGN_IDENTITY = "iPhone Developer";
				ENABLE_PREVIEWS = YES;
				HEADER_SEARCH_PATHS = (
					"$(inherited)",
					"$(inherited)",
					"$(SRCROOT)/Tuist/.build/checkouts/swift-cmark/extensions/include",
					"$(SRCROOT)/Tuist/.build/checkouts/swift-cmark/src/include",
					"$(SRCROOT)/Tuist/.build/checkouts/swift-markdown/Sources/CAtomic/include",
				);
				INFOPLIST_FILE = "Derived/InfoPlists/IceCubesApp-Info.plist";
				LD_RUNPATH_SEARCH_PATHS = (
					"$(inherited)",
					"@executable_path/Frameworks",
				);
				OTHER_CFLAGS = (
					"$(inherited)",
					"-fmodule-map-file=$(SRCROOT)/Tuist/.build/checkouts/swift-cmark/src/include/module.modulemap",
					"-fmodule-map-file=$(SRCROOT)/Tuist/.build/tuist-derived/CAtomic/CAtomic.modulemap",
					"-fmodule-map-file=$(SRCROOT)/Tuist/.build/tuist-derived/cmark_gfm_extensions/cmark_gfm_extensions.modulemap",
				);
				OTHER_SWIFT_FLAGS = (
					"$(inherited)",
					"-Xcc",
					"-fmodule-map-file=$(SRCROOT)/Tuist/.build/checkouts/swift-cmark/src/include/module.modulemap",
					"-Xcc",
					"-fmodule-map-file=$(SRCROOT)/Tuist/.build/tuist-derived/CAtomic/CAtomic.modulemap",
					"-Xcc",
					"-fmodule-map-file=$(SRCROOT)/Tuist/.build/tuist-derived/cmark_gfm_extensions/cmark_gfm_extensions.modulemap",
				);
				PRODUCT_BUNDLE_IDENTIFIER = io.tuist.IceCubesApp;
				PRODUCT_NAME = IceCubesApp;
				SDKROOT = iphoneos;
				SUPPORTS_MACCATALYST = NO;
				SUPPORTS_MAC_DESIGNED_FOR_IPHONE_IPAD = YES;
				SUPPORTS_XR_DESIGNED_FOR_IPHONE_IPAD = NO;
				SWIFT_COMPILATION_MODE = wholemodule;
				SWIFT_OPTIMIZATION_LEVEL = "-Owholemodule";
				SWIFT_VERSION = 5.0;
				TARGETED_DEVICE_FAMILY = "1,2";
			};
			name = Release;
		};
		AB7AD9241BBDD42585D1C07D /* Debug */ = {
			isa = XCBuildConfiguration;
			buildSettings = {
				ASSETCATALOG_COMPILER_APPICON_NAME = AppIcon;
				CODE_SIGN_IDENTITY = "iPhone Developer";
				ENABLE_PREVIEWS = YES;
				HEADER_SEARCH_PATHS = (
					"$(inherited)",
					"$(inherited)",
					"$(SRCROOT)/Tuist/.build/checkouts/swift-cmark/extensions/include",
					"$(SRCROOT)/Tuist/.build/checkouts/swift-cmark/src/include",
					"$(SRCROOT)/Tuist/.build/checkouts/swift-markdown/Sources/CAtomic/include",
				);
				INFOPLIST_FILE = "Derived/InfoPlists/IceCubesApp-Info.plist";
				LD_RUNPATH_SEARCH_PATHS = (
					"$(inherited)",
					"@executable_path/Frameworks",
				);
				OTHER_CFLAGS = (
					"$(inherited)",
					"-fmodule-map-file=$(SRCROOT)/Tuist/.build/checkouts/swift-cmark/src/include/module.modulemap",
					"-fmodule-map-file=$(SRCROOT)/Tuist/.build/tuist-derived/CAtomic/CAtomic.modulemap",
					"-fmodule-map-file=$(SRCROOT)/Tuist/.build/tuist-derived/cmark_gfm_extensions/cmark_gfm_extensions.modulemap",
				);
				OTHER_SWIFT_FLAGS = (
					"$(inherited)",
					"-Xcc",
					"-fmodule-map-file=$(SRCROOT)/Tuist/.build/checkouts/swift-cmark/src/include/module.modulemap",
					"-Xcc",
					"-fmodule-map-file=$(SRCROOT)/Tuist/.build/tuist-derived/CAtomic/CAtomic.modulemap",
					"-Xcc",
					"-fmodule-map-file=$(SRCROOT)/Tuist/.build/tuist-derived/cmark_gfm_extensions/cmark_gfm_extensions.modulemap",
				);
				PRODUCT_BUNDLE_IDENTIFIER = io.tuist.IceCubesApp;
				PRODUCT_NAME = IceCubesApp;
				SDKROOT = iphoneos;
				SUPPORTS_MACCATALYST = NO;
				SUPPORTS_MAC_DESIGNED_FOR_IPHONE_IPAD = YES;
				SUPPORTS_XR_DESIGNED_FOR_IPHONE_IPAD = NO;
				SWIFT_ACTIVE_COMPILATION_CONDITIONS = (
					"$(inherited)",
					DEBUG,
				);
				SWIFT_COMPILATION_MODE = singlefile;
				SWIFT_OPTIMIZATION_LEVEL = "-Onone";
				SWIFT_VERSION = 5.0;
				TARGETED_DEVICE_FAMILY = "1,2";
			};
			name = Debug;
		};
		ABF703E17195FCD98D50BCEE /* Release */ = {
			isa = XCBuildConfiguration;
			buildSettings = {
				ALWAYS_SEARCH_USER_PATHS = NO;
				CLANG_ANALYZER_LOCALIZABILITY_NONLOCALIZED = YES;
				CLANG_ANALYZER_NONNULL = YES;
				CLANG_ANALYZER_NUMBER_OBJECT_CONVERSION = YES_AGGRESSIVE;
				CLANG_CXX_LANGUAGE_STANDARD = "gnu++14";
				CLANG_CXX_LIBRARY = "libc++";
				CLANG_ENABLE_MODULES = YES;
				CLANG_ENABLE_OBJC_ARC = YES;
				CLANG_ENABLE_OBJC_WEAK = YES;
				CLANG_WARN_BLOCK_CAPTURE_AUTORELEASING = YES;
				CLANG_WARN_BOOL_CONVERSION = YES;
				CLANG_WARN_COMMA = YES;
				CLANG_WARN_CONSTANT_CONVERSION = YES;
				CLANG_WARN_DEPRECATED_OBJC_IMPLEMENTATIONS = YES;
				CLANG_WARN_DIRECT_OBJC_ISA_USAGE = YES_ERROR;
				CLANG_WARN_DOCUMENTATION_COMMENTS = YES;
				CLANG_WARN_EMPTY_BODY = YES;
				CLANG_WARN_ENUM_CONVERSION = YES;
				CLANG_WARN_INFINITE_RECURSION = YES;
				CLANG_WARN_INT_CONVERSION = YES;
				CLANG_WARN_NON_LITERAL_NULL_CONVERSION = YES;
				CLANG_WARN_OBJC_IMPLICIT_RETAIN_SELF = YES;
				CLANG_WARN_OBJC_LITERAL_CONVERSION = YES;
				CLANG_WARN_OBJC_ROOT_CLASS = YES_ERROR;
				CLANG_WARN_QUOTED_INCLUDE_IN_FRAMEWORK_HEADER = YES;
				CLANG_WARN_RANGE_LOOP_ANALYSIS = YES;
				CLANG_WARN_STRICT_PROTOTYPES = YES;
				CLANG_WARN_SUSPICIOUS_MOVE = YES;
				CLANG_WARN_UNGUARDED_AVAILABILITY = YES_AGGRESSIVE;
				CLANG_WARN_UNREACHABLE_CODE = YES;
				CLANG_WARN__DUPLICATE_METHOD_MATCH = YES;
				COPY_PHASE_STRIP = NO;
				DEAD_CODE_STRIPPING = YES;
				DEBUG_INFORMATION_FORMAT = "dwarf-with-dsym";
				ENABLE_NS_ASSERTIONS = NO;
				ENABLE_STRICT_OBJC_MSGSEND = YES;
				GCC_C_LANGUAGE_STANDARD = gnu11;
				GCC_NO_COMMON_BLOCKS = YES;
				GCC_WARN_64_TO_32_BIT_CONVERSION = YES;
				GCC_WARN_ABOUT_RETURN_TYPE = YES_ERROR;
				GCC_WARN_UNDECLARED_SELECTOR = YES;
				GCC_WARN_UNINITIALIZED_AUTOS = YES_AGGRESSIVE;
				GCC_WARN_UNUSED_FUNCTION = YES;
				GCC_WARN_UNUSED_VARIABLE = YES;
				MTL_ENABLE_DEBUG_INFO = NO;
				PRODUCT_NAME = "$(TARGET_NAME)";
				VALIDATE_PRODUCT = YES;
			};
			name = Release;
		};
/* End XCBuildConfiguration section */

/* Begin XCConfigurationList section */
		A57F7E534983F581A3E4EC4F /* Build configuration list for PBXProject "IceCubesApp" */ = {
			isa = XCConfigurationList;
			buildConfigurations = (
				241B8696C13D8EB4A0E1C7D1 /* Debug */,
				ABF703E17195FCD98D50BCEE /* Release */,
			);
			defaultConfigurationIsVisible = 0;
			defaultConfigurationName = Release;
		};
		C95151FCDE48A026924A2293 /* Build configuration list for PBXNativeTarget "IceCubesApp" */ = {
			isa = XCConfigurationList;
			buildConfigurations = (
				AB7AD9241BBDD42585D1C07D /* Debug */,
				62752A67E7113C1538C5E9B0 /* Release */,
			);
			defaultConfigurationIsVisible = 0;
			defaultConfigurationName = Release;
		};
/* End XCConfigurationList section */
	};
	rootObject = 7E0644ACD8ECB6C957D48542 /* Project object */;
}
